{
    "_readme": [
        "This file locks the dependencies of your project to a known state",
        "Read more about it at https://getcomposer.org/doc/01-basic-usage.md#installing-dependencies",
        "This file is @generated automatically"
    ],
    "content-hash": "a1b2c3d4e5f6a1b2c3d4e5f6a1b2c3d4",
    "packages": [
        {
            "name": "psr/log",
            "version": "3.0.0",
            "source": {
                "type": "git",
                "url": "https://github.com/php-fig/log.git",
                "reference": "fe5ea303b0887d5caefd3d431c3e61ad47037001"
            },
            "dist": {
                "type": "zip",
                "url": "https://api.github.com/repos/php-fig/log/zipball/fe5ea303b0887d5caefd3d431c3e61ad47037001",
                "reference": "fe5ea303b0887d5caefd3d431c3e61ad47037001",
                "shasum": ""
            },
            "require": {
                "php": ">=8.0.0"
            },
            "type": "library",
            "description": "Common interface for logging libraries",
            "homepage": "https://github.com/php-fig/log",
            "time": "2021-07-14T16:46:02+00:00"
        },
        {
            "name": "symfony/deprecation-contracts",
            "version": "v3.4.0",
            "source": {
                "type": "git",
                "url": "https://github.com/symfony/deprecation-contracts.git",
                "reference": "7c3aff79d10325257a001fcf92d991f24fc967cf"
            },
            "dist": {
                "type": "zip",
                "url": "https://api.github.com/repos/symfony/deprecation-contracts/zipball/7c3aff79d10325257a001fcf92d991f24fc967cf",
                "reference": "7c3aff79d10325257a001fcf92d991f24fc967cf",
                "shasum": ""
            },
            "require": {
                "php": ">=8.1"
            },
            "type": "library",
            "description": "A generic function and convention to trigger deprecation notices",
            "homepage": "https://symfony.com",
            "time": "2023-05-23T14:45:45+00:00"
        },
        {
            "name": "symfony/http-foundation",
            "version": "v6.4.3",
            "source": {
                "type": "git",
                "url": "https://github.com/symfony/http-foundation.git",
                "reference": "b9e87e67db12ba2b0571e6f75767e7988bee3e38"
            },
            "dist": {
                "type": "zip",
                "url": "https://api.github.com/repos/symfony/http-foundation/zipball/b9e87e67db12ba2b0571e6f75767e7988bee3e38",
                "reference": "b9e87e67db12ba2b0571e6f75767e7988bee3e38",
                "shasum": ""
            },
            "require": {
                "php": ">=8.1",
                "symfony/deprecation-contracts": "^2.5|^3",
                "symfony/mime": "^6.4|^7.0",
                "symfony/polyfill-mbstring": "~1.1",
                "symfony/polyfill-php83": "^1.27"
            },
            "type": "library",
            "description": "Defines an object-oriented layer for the HTTP specification",
            "homepage": "https://symfony.com",
            "keywords": ["http"],
            "time": "2024-01-23T15:02:46+00:00"
        },
        {
            "name": "symfony/mime",
            "version": "v6.4.3",
            "source": {
                "type": "git",
                "url": "https://github.com/symfony/mime.git",
                "reference": "b2a5b4f71a7b6b8d12a7b74e2a3d1ff5b6e4c2a1"
            },
            "dist": {
                "type": "zip",
                "url": "https://api.github.com/repos/symfony/mime/zipball/b2a5b4f71a7b6b8d12a7b74e2a3d1ff5b6e4c2a1",
                "reference": "b2a5b4f71a7b6b8d12a7b74e2a3d1ff5b6e4c2a1",
                "shasum": ""
            },
            "require": {
                "php": ">=8.1",
                "symfony/deprecation-contracts": "^2.5|^3",
                "symfony/polyfill-mbstring": "~1.0"
            },
            "type": "library",
            "description": "Allows manipulating MIME messages",
            "homepage": "https://symfony.com",
            "time": "2024-01-23T15:02:46+00:00"
        },
        {
            "name": "symfony/polyfill-mbstring",
            "version": "v1.29.0",
            "source": {
                "type": "git",
                "url": "https://github.com/symfony/polyfill-mbstring.git",
                "reference": "9773676c8a1bb1f8d4340a62efe641cf76eda7ec"
            },
            "dist": {
                "type": "zip",
                "url": "https://api.github.com/repos/symfony/polyfill-mbstring/zipball/9773676c8a1bb1f8d4340a62efe641cf76eda7ec",
                "reference": "9773676c8a1bb1f8d4340a62efe641cf76eda7ec",
                "shasum": ""
            },
            "require": {
                "php": ">=7.1"
            },
            "type": "library",
            "description": "Symfony polyfill for the Mbstring extension",
            "homepage": "https://symfony.com",
            "time": "2024-01-29T20:11:03+00:00"
        },
        {
            "name": "symfony/polyfill-php83",
            "version": "v1.29.0",
            "source": {
                "type": "git",
                "url": "https://github.com/symfony/polyfill-php83.git",
                "reference": "86fcae159c4e5d4b27bff9e5a7b2e87e4e6a5a8d"
            },
            "dist": {
                "type": "zip",
                "url": "https://api.github.com/repos/symfony/polyfill-php83/zipball/86fcae159c4e5d4b27bff9e5a7b2e87e4e6a5a8d",
                "reference": "86fcae159c4e5d4b27bff9e5a7b2e87e4e6a5a8d",
                "shasum": ""
            },
            "require": {
                "php": ">=7.1"
            },
            "type": "library",
            "description": "Symfony polyfill backporting some PHP 8.3+ features to lower PHP versions",
            "homepage": "https://symfony.com",
            "time": "2024-01-29T20:11:03+00:00"
        },
        {
            "name": "symfony/routing",
            "version": "v6.4.3",
            "source": {
                "type": "git",
                "url": "https://github.com/symfony/routing.git",
                "reference": "d3e8b5e8d5c0e4a1f2c8b7a9e6d4c5b3a2f1e0d9"
            },
            "dist": {
                "type": "zip",
                "url": "https://api.github.com/repos/symfony/routing/zipball/d3e8b5e8d5c0e4a1f2c8b7a9e6d4c5b3a2f1e0d9",
                "reference": "d3e8b5e8d5c0e4a1f2c8b7a9e6d4c5b3a2f1e0d9",
                "shasum": ""
            },
            "require": {
                "php": ">=8.1",
                "symfony/deprecation-contracts": "^2.5|^3"
            },
            "type": "library",
            "description": "Maps an HTTP request to a set of configuration variables",
            "homepage": "https://symfony.com",
            "time": "2024-01-23T15:02:46+00:00"
        }
    ],
    "packages-dev": [
        {
            "name": "phpunit/phpunit",
            "version": "10.5.5",
            "source": {
                "type": "git",
                "url": "https://github.com/sebastianbergmann/phpunit.git",
                "reference": "1a55f47d0e31f47af7e72c99aadd6e68889a05f5"
            },
            "dist": {
                "type": "zip",
                "url": "https://api.github.com/repos/sebastianbergmann/phpunit/zipball/1a55f47d0e31f47af7e72c99aadd6e68889a05f5",
                "reference": "1a55f47d0e31f47af7e72c99aadd6e68889a05f5",
                "shasum": ""
            },
            "require": {
                "php": ">=8.1"
            },
            "type": "library",
            "description": "The PHP Unit Testing framework",
            "homepage": "https://phpunit.de/",
            "time": "2024-01-19T07:05:23+00:00"
        }
    ],
    "aliases": [],
    "minimum-stability": "stable",
    "stability-flags": [],
    "prefer-stable": false,
    "prefer-lowest": false,
    "platform": {
        "php": ">=8.1"
    },
    "platform-dev": [],
    "plugin-api-version": "2.6.0"
}
