# This file is generated by running "yarn install" inside your project.
# Manual changes might be lost - proceed with caution!

__metadata:
  version: 9
  cacheKey: 10c0

"lodash@npm:4.17.20":
  version: 4.17.20
  resolution: "lodash@npm:4.17.20"
  checksum: 10c0/abcdef0123456789abcdef0123456789abcdef0123456789abcdef0123456789abcdef0123456789abcdef0123456789abcdef0123456789abcdef0123456789
  languageName: node
  linkType: hard

"testbed-yarn4-v9@workspace:.":
  version: 0.0.0-use.local
  resolution: "testbed-yarn4-v9@workspace:."
  dependencies:
    lodash: "npm:4.17.20"
  languageName: unknown
  linkType: soft
